
Microsoft Visual Studio Solution File, Format Version 12.00
# Visual Studio Version 17
VisualStudioVersion = 17.12.35527.113
MinimumVisualStudioVersion = 10.0.40219.1
Project("{FAE04EC0-301F-11D3-BF4B-00C04F79EFBC}") = "ShaderTest", "ShaderTest.csproj", "{FDC8700A-ABB7-44ED-9E09-5A021CFA924C}"
EndProject
Project("{FAE04EC0-301F-11D3-BF4B-00C04F79EFBC}") = "StrideCompileExamine", "..\StrideInWinForms\StrideCompileExamine.csproj", "{A269B592-6EE1-4EF8-AF82-AE18A8280DCB}"
EndProject
Global
	GlobalSection(SolutionConfigurationPlatforms) = preSolution
		Debug|Any CPU = Debug|Any CPU
		Release|Any CPU = Release|Any CPU
	EndGlobalSection
	GlobalSection(ProjectConfigurationPlatforms) = postSolution
		{FDC8700A-ABB7-44ED-9E09-5A021CFA924C}.Debug|Any CPU.ActiveCfg = Debug|Any CPU
		{FDC8700A-ABB7-44ED-9E09-5A021CFA924C}.Debug|Any CPU.Build.0 = Debug|Any CPU
		{FDC8700A-ABB7-44ED-9E09-5A021CFA924C}.Release|Any CPU.ActiveCfg = Release|Any CPU
		{FDC8700A-ABB7-44ED-9E09-5A021CFA924C}.Release|Any CPU.Build.0 = Release|Any CPU
		{A269B592-6EE1-4EF8-AF82-AE18A8280DCB}.Debug|Any CPU.ActiveCfg = Debug|Any CPU
		{A269B592-6EE1-4EF8-AF82-AE18A8280DCB}.Debug|Any CPU.Build.0 = Debug|Any CPU
		{A269B592-6EE1-4EF8-AF82-AE18A8280DCB}.Release|Any CPU.ActiveCfg = Release|Any CPU
		{A269B592-6EE1-4EF8-AF82-AE18A8280DCB}.Release|Any CPU.Build.0 = Release|Any CPU
	EndGlobalSection
	GlobalSection(SolutionProperties) = preSolution
		HideSolutionNode = FALSE
	EndGlobalSection
EndGlobal
